
Microsoft Visual Studio Solution File, Format Version 12.00
# Visual Studio Version 16
VisualStudioVersion = 16.0.30114.105
MinimumVisualStudioVersion = 10.0.40219.1
Project("{FAE04EC0-301F-11D3-BF4B-00C04F79EFBC}") = "KurlarService", "KurlarService\KurlarService.csproj", "{B8BC4071-3467-4246-8077-62F4833B74BD}"
EndProject
Global
	GlobalSection(SolutionConfigurationPlatforms) = preSolution
		Debug|Any CPU = Debug|Any CPU
		Release|Any CPU = Release|Any CPU
	EndGlobalSection
	GlobalSection(ProjectConfigurationPlatforms) = postSolution
		{B8BC4071-3467-4246-8077-62F4833B74BD}.Debug|Any CPU.ActiveCfg = Debug|Any CPU
		{B8BC4071-3467-4246-8077-62F4833B74BD}.Debug|Any CPU.Build.0 = Debug|Any CPU
		{B8BC4071-3467-4246-8077-62F4833B74BD}.Release|Any CPU.ActiveCfg = Release|Any CPU
		{B8BC4071-3467-4246-8077-62F4833B74BD}.Release|Any CPU.Build.0 = Release|Any CPU
	EndGlobalSection
	GlobalSection(SolutionProperties) = preSolution
		HideSolutionNode = FALSE
	EndGlobalSection
	GlobalSection(ExtensibilityGlobals) = postSolution
		SolutionGuid = {176AEF16-FCC9-4139-B3B9-9049078A779F}
	EndGlobalSection
EndGlobal
